
Microsoft Visual Studio Solution File, Format Version 12.00
# Visual Studio Version 17
VisualStudioVersion = 17.10.35027.167
MinimumVisualStudioVersion = 10.0.40219.1
Project("{FAE04EC0-301F-11D3-BF4B-00C04F79EFBC}") = "hometask crud", "hometask crud.csproj", "{B48E7EB9-3496-4A65-A878-DCDDA9C94B6A}"
EndProject
Global
	GlobalSection(SolutionConfigurationPlatforms) = preSolution
		Debug|Any CPU = Debug|Any CPU
		Release|Any CPU = Release|Any CPU
	EndGlobalSection
	GlobalSection(ProjectConfigurationPlatforms) = postSolution
		{B48E7EB9-3496-4A65-A878-DCDDA9C94B6A}.Debug|Any CPU.ActiveCfg = Debug|Any CPU
		{B48E7EB9-3496-4A65-A878-DCDDA9C94B6A}.Debug|Any CPU.Build.0 = Debug|Any CPU
		{B48E7EB9-3496-4A65-A878-DCDDA9C94B6A}.Release|Any CPU.ActiveCfg = Release|Any CPU
		{B48E7EB9-3496-4A65-A878-DCDDA9C94B6A}.Release|Any CPU.Build.0 = Release|Any CPU
	EndGlobalSection
	GlobalSection(SolutionProperties) = preSolution
		HideSolutionNode = FALSE
	EndGlobalSection
	GlobalSection(ExtensibilityGlobals) = postSolution
		SolutionGuid = {0DCC0819-5E27-4BA4-A875-79D7B2674A49}
	EndGlobalSection
EndGlobal
